// !$*UTF8*$!
{
	archiveVersion = 1;
	classes = {
	};
	objectVersion = 56;
	objects = {

/* Begin PBXBuildFile section */
		042430FD2BF41DB20086BD70 /* UserData.swift in Sources */ = {isa = PBXBuildFile; fileRef = 042430FC2BF41DB20086BD70 /* UserData.swift */; };
		0481DC3B2BF2D14F007D2160 /* OneDeviceView.swift in Sources */ = {isa = PBXBuildFile; fileRef = 0481DC3A2BF2D14F007D2160 /* OneDeviceView.swift */; };
		0486FBA42BD8847C00A36FF5 /* RTChessApp.swift in Sources */ = {isa = PBXBuildFile; fileRef = 0486FBA32BD8847C00A36FF5 /* RTChessApp.swift */; };
		0486FBA62BD8847C00A36FF5 /* GameView.swift in Sources */ = {isa = PBXBuildFile; fileRef = 0486FBA52BD8847C00A36FF5 /* GameView.swift */; };
		0486FBAA2BD8847D00A36FF5 /* Assets.xcassets in Resources */ = {isa = PBXBuildFile; fileRef = 0486FBA92BD8847D00A36FF5 /* Assets.xcassets */; };
		0486FBAD2BD8847D00A36FF5 /* Preview Assets.xcassets in Resources */ = {isa = PBXBuildFile; fileRef = 0486FBAC2BD8847D00A36FF5 /* Preview Assets.xcassets */; };
		0486FBB42BE008A000A36FF5 /* HomeView.swift in Sources */ = {isa = PBXBuildFile; fileRef = 0486FBB32BE008A000A36FF5 /* HomeView.swift */; };
		0486FBB62BE02B9300A36FF5 /* HostJoinView.swift in Sources */ = {isa = PBXBuildFile; fileRef = 0486FBB52BE02B9300A36FF5 /* HostJoinView.swift */; };
		0486FBB82BE02BAB00A36FF5 /* SettingsView.swift in Sources */ = {isa = PBXBuildFile; fileRef = 0486FBB72BE02BAB00A36FF5 /* SettingsView.swift */; };
		0486FBBA2BE97AFB00A36FF5 /* Requirements.txt in Resources */ = {isa = PBXBuildFile; fileRef = 0486FBB92BE97AFB00A36FF5 /* Requirements.txt */; };
		6226CC952BD88D6E0090EB21 /* Piece.swift in Sources */ = {isa = PBXBuildFile; fileRef = 6226CC942BD88D6E0090EB21 /* Piece.swift */; };
		6226CC972BD88DCD0090EB21 /* Board.swift in Sources */ = {isa = PBXBuildFile; fileRef = 6226CC962BD88DCD0090EB21 /* Board.swift */; };
		6226CC992BD88FDF0090EB21 /* Knight.swift in Sources */ = {isa = PBXBuildFile; fileRef = 6226CC982BD88FDF0090EB21 /* Knight.swift */; };
		6226CC9B2BD88FE80090EB21 /* Pawn.swift in Sources */ = {isa = PBXBuildFile; fileRef = 6226CC9A2BD88FE80090EB21 /* Pawn.swift */; };
		6226CC9D2BD890010090EB21 /* Rook.swift in Sources */ = {isa = PBXBuildFile; fileRef = 6226CC9C2BD890010090EB21 /* Rook.swift */; };
		6226CC9F2BD890060090EB21 /* Bishop.swift in Sources */ = {isa = PBXBuildFile; fileRef = 6226CC9E2BD890060090EB21 /* Bishop.swift */; };
		6226CCA12BD8900B0090EB21 /* Queen.swift in Sources */ = {isa = PBXBuildFile; fileRef = 6226CCA02BD8900B0090EB21 /* Queen.swift */; };
		6226CCA32BD8900F0090EB21 /* King.swift in Sources */ = {isa = PBXBuildFile; fileRef = 6226CCA22BD8900F0090EB21 /* King.swift */; };
		6226CCA52BD890290090EB21 /* Game.swift in Sources */ = {isa = PBXBuildFile; fileRef = 6226CCA42BD890290090EB21 /* Game.swift */; };
		6230C41C2BD893CB005509BD /* Team.swift in Sources */ = {isa = PBXBuildFile; fileRef = 6230C41B2BD893CB005509BD /* Team.swift */; };
		6267D0752BE3274F00F120FC /* Vector.swift in Sources */ = {isa = PBXBuildFile; fileRef = 6267D0742BE3274F00F120FC /* Vector.swift */; };
		6267D0772BE9D3ED00F120FC /* Move.swift in Sources */ = {isa = PBXBuildFile; fileRef = 6267D0762BE9D3ED00F120FC /* Move.swift */; };
		6282F6C52BEDB05D005A6530 /* Build.swift in Sources */ = {isa = PBXBuildFile; fileRef = 6282F6C42BEDB05D005A6530 /* Build.swift */; };
		6282F7012BF1811D005A6530 /* WebSocketUtility.swift in Sources */ = {isa = PBXBuildFile; fileRef = 6282F7002BF1811D005A6530 /* WebSocketUtility.swift */; };
		6282F7032BF18149005A6530 /* GameData.swift in Sources */ = {isa = PBXBuildFile; fileRef = 6282F7022BF18149005A6530 /* GameData.swift */; };
/* End PBXBuildFile section */

/* Begin PBXFileReference section */
		042430FC2BF41DB20086BD70 /* UserData.swift */ = {isa = PBXFileReference; lastKnownFileType = sourcecode.swift; path = UserData.swift; sourceTree = "<group>"; };
		0481DC3A2BF2D14F007D2160 /* OneDeviceView.swift */ = {isa = PBXFileReference; lastKnownFileType = sourcecode.swift; path = OneDeviceView.swift; sourceTree = "<group>"; };
		0486FBA02BD8847C00A36FF5 /* RTChess.app */ = {isa = PBXFileReference; explicitFileType = wrapper.application; includeInIndex = 0; path = RTChess.app; sourceTree = BUILT_PRODUCTS_DIR; };
		0486FBA32BD8847C00A36FF5 /* RTChessApp.swift */ = {isa = PBXFileReference; lastKnownFileType = sourcecode.swift; path = RTChessApp.swift; sourceTree = "<group>"; };
		0486FBA52BD8847C00A36FF5 /* GameView.swift */ = {isa = PBXFileReference; lastKnownFileType = sourcecode.swift; path = GameView.swift; sourceTree = "<group>"; };
		0486FBA92BD8847D00A36FF5 /* Assets.xcassets */ = {isa = PBXFileReference; lastKnownFileType = folder.assetcatalog; path = Assets.xcassets; sourceTree = "<group>"; };
		0486FBAC2BD8847D00A36FF5 /* Preview Assets.xcassets */ = {isa = PBXFileReference; lastKnownFileType = folder.assetcatalog; path = "Preview Assets.xcassets"; sourceTree = "<group>"; };
		0486FBB32BE008A000A36FF5 /* HomeView.swift */ = {isa = PBXFileReference; lastKnownFileType = sourcecode.swift; path = HomeView.swift; sourceTree = "<group>"; };
		0486FBB52BE02B9300A36FF5 /* HostJoinView.swift */ = {isa = PBXFileReference; lastKnownFileType = sourcecode.swift; path = HostJoinView.swift; sourceTree = "<group>"; };
		0486FBB72BE02BAB00A36FF5 /* SettingsView.swift */ = {isa = PBXFileReference; lastKnownFileType = sourcecode.swift; path = SettingsView.swift; sourceTree = "<group>"; };
		0486FBB92BE97AFB00A36FF5 /* Requirements.txt */ = {isa = PBXFileReference; lastKnownFileType = text; path = Requirements.txt; sourceTree = "<group>"; };
		6226CC942BD88D6E0090EB21 /* Piece.swift */ = {isa = PBXFileReference; lastKnownFileType = sourcecode.swift; path = Piece.swift; sourceTree = "<group>"; };
		6226CC962BD88DCD0090EB21 /* Board.swift */ = {isa = PBXFileReference; lastKnownFileType = sourcecode.swift; path = Board.swift; sourceTree = "<group>"; };
		6226CC982BD88FDF0090EB21 /* Knight.swift */ = {isa = PBXFileReference; lastKnownFileType = sourcecode.swift; path = Knight.swift; sourceTree = "<group>"; };
		6226CC9A2BD88FE80090EB21 /* Pawn.swift */ = {isa = PBXFileReference; lastKnownFileType = sourcecode.swift; path = Pawn.swift; sourceTree = "<group>"; };
		6226CC9C2BD890010090EB21 /* Rook.swift */ = {isa = PBXFileReference; lastKnownFileType = sourcecode.swift; path = Rook.swift; sourceTree = "<group>"; };
		6226CC9E2BD890060090EB21 /* Bishop.swift */ = {isa = PBXFileReference; lastKnownFileType = sourcecode.swift; path = Bishop.swift; sourceTree = "<group>"; };
		6226CCA02BD8900B0090EB21 /* Queen.swift */ = {isa = PBXFileReference; lastKnownFileType = sourcecode.swift; path = Queen.swift; sourceTree = "<group>"; };
		6226CCA22BD8900F0090EB21 /* King.swift */ = {isa = PBXFileReference; lastKnownFileType = sourcecode.swift; path = King.swift; sourceTree = "<group>"; };
		6226CCA42BD890290090EB21 /* Game.swift */ = {isa = PBXFileReference; lastKnownFileType = sourcecode.swift; path = Game.swift; sourceTree = "<group>"; };
		6230C41B2BD893CB005509BD /* Team.swift */ = {isa = PBXFileReference; lastKnownFileType = sourcecode.swift; path = Team.swift; sourceTree = "<group>"; };
		6267D0742BE3274F00F120FC /* Vector.swift */ = {isa = PBXFileReference; lastKnownFileType = sourcecode.swift; path = Vector.swift; sourceTree = "<group>"; };
		6267D0762BE9D3ED00F120FC /* Move.swift */ = {isa = PBXFileReference; lastKnownFileType = sourcecode.swift; path = Move.swift; sourceTree = "<group>"; };
		6282F6C42BEDB05D005A6530 /* Build.swift */ = {isa = PBXFileReference; lastKnownFileType = sourcecode.swift; path = Build.swift; sourceTree = "<group>"; };
		6282F7002BF1811D005A6530 /* WebSocketUtility.swift */ = {isa = PBXFileReference; lastKnownFileType = sourcecode.swift; path = WebSocketUtility.swift; sourceTree = "<group>"; };
		6282F7022BF18149005A6530 /* GameData.swift */ = {isa = PBXFileReference; lastKnownFileType = sourcecode.swift; path = GameData.swift; sourceTree = "<group>"; };
/* End PBXFileReference section */

/* Begin PBXFrameworksBuildPhase section */
		0486FB9D2BD8847C00A36FF5 /* Frameworks */ = {
			isa = PBXFrameworksBuildPhase;
			buildActionMask = 2147483647;
			files = (
			);
			runOnlyForDeploymentPostprocessing = 0;
		};
/* End PBXFrameworksBuildPhase section */

/* Begin PBXGroup section */
		0486FB972BD8847C00A36FF5 = {
			isa = PBXGroup;
			children = (
				0486FBA22BD8847C00A36FF5 /* RTChess */,
				0486FBA12BD8847C00A36FF5 /* Products */,
			);
			sourceTree = "<group>";
		};
		0486FBA12BD8847C00A36FF5 /* Products */ = {
			isa = PBXGroup;
			children = (
				0486FBA02BD8847C00A36FF5 /* RTChess.app */,
			);
			name = Products;
			sourceTree = "<group>";
		};
		0486FBA22BD8847C00A36FF5 /* RTChess */ = {
			isa = PBXGroup;
			children = (
				6282F6FF2BF18103005A6530 /* Utilities */,
				6267D0732BE3274400F120FC /* Geometry */,
				6226CC922BD88C7A0090EB21 /* Model */,
				6226CC932BD88C7F0090EB21 /* Game */,
				6226CC912BD88C740090EB21 /* UI */,
				0486FBA32BD8847C00A36FF5 /* RTChessApp.swift */,
				6282F6C42BEDB05D005A6530 /* Build.swift */,
				0486FBA92BD8847D00A36FF5 /* Assets.xcassets */,
				0486FBAB2BD8847D00A36FF5 /* Preview Content */,
				0486FBB92BE97AFB00A36FF5 /* Requirements.txt */,
			);
			path = RTChess;
			sourceTree = "<group>";
		};
		0486FBAB2BD8847D00A36FF5 /* Preview Content */ = {
			isa = PBXGroup;
			children = (
				0486FBAC2BD8847D00A36FF5 /* Preview Assets.xcassets */,
			);
			path = "Preview Content";
			sourceTree = "<group>";
		};
		6226CC912BD88C740090EB21 /* UI */ = {
			isa = PBXGroup;
			children = (
				0486FBA52BD8847C00A36FF5 /* GameView.swift */,
				0486FBB32BE008A000A36FF5 /* HomeView.swift */,
				0486FBB52BE02B9300A36FF5 /* HostJoinView.swift */,
				0481DC3A2BF2D14F007D2160 /* OneDeviceView.swift */,
				0486FBB72BE02BAB00A36FF5 /* SettingsView.swift */,
			);
			path = UI;
			sourceTree = "<group>";
		};
		6226CC922BD88C7A0090EB21 /* Model */ = {
			isa = PBXGroup;
			children = (
				6226CC942BD88D6E0090EB21 /* Piece.swift */,
				6226CC962BD88DCD0090EB21 /* Board.swift */,
				6226CC982BD88FDF0090EB21 /* Knight.swift */,
				6226CC9A2BD88FE80090EB21 /* Pawn.swift */,
				6226CC9C2BD890010090EB21 /* Rook.swift */,
				6226CC9E2BD890060090EB21 /* Bishop.swift */,
				6226CCA02BD8900B0090EB21 /* Queen.swift */,
				6226CCA22BD8900F0090EB21 /* King.swift */,
				6230C41B2BD893CB005509BD /* Team.swift */,
				6267D0762BE9D3ED00F120FC /* Move.swift */,
			);
			path = Model;
			sourceTree = "<group>";
		};
		6226CC932BD88C7F0090EB21 /* Game */ = {
			isa = PBXGroup;
			children = (
				6226CCA42BD890290090EB21 /* Game.swift */,
			);
			path = Game;
			sourceTree = "<group>";
		};
		6267D0732BE3274400F120FC /* Geometry */ = {
			isa = PBXGroup;
			children = (
				6267D0742BE3274F00F120FC /* Vector.swift */,
			);
			path = Geometry;
			sourceTree = "<group>";
		};
		6282F6FF2BF18103005A6530 /* Utilities */ = {
			isa = PBXGroup;
			children = (
				6282F7002BF1811D005A6530 /* WebSocketUtility.swift */,
				6282F7022BF18149005A6530 /* GameData.swift */,
				042430FC2BF41DB20086BD70 /* UserData.swift */,
			);
			path = Utilities;
			sourceTree = "<group>";
		};
/* End PBXGroup section */

/* Begin PBXNativeTarget section */
		0486FB9F2BD8847C00A36FF5 /* RTChess */ = {
			isa = PBXNativeTarget;
			buildConfigurationList = 0486FBB02BD8847D00A36FF5 /* Build configuration list for PBXNativeTarget "RTChess" */;
			buildPhases = (
				0486FB9C2BD8847C00A36FF5 /* Sources */,
				0486FB9D2BD8847C00A36FF5 /* Frameworks */,
				0486FB9E2BD8847C00A36FF5 /* Resources */,
			);
			buildRules = (
			);
			dependencies = (
			);
			name = RTChess;
			productName = RTChess;
			productReference = 0486FBA02BD8847C00A36FF5 /* RTChess.app */;
			productType = "com.apple.product-type.application";
		};
/* End PBXNativeTarget section */

/* Begin PBXProject section */
		0486FB982BD8847C00A36FF5 /* Project object */ = {
			isa = PBXProject;
			attributes = {
				BuildIndependentTargetsInParallel = 1;
				LastSwiftUpdateCheck = 1530;
				LastUpgradeCheck = 1530;
				TargetAttributes = {
					0486FB9F2BD8847C00A36FF5 = {
						CreatedOnToolsVersion = 15.3;
					};
				};
			};
			buildConfigurationList = 0486FB9B2BD8847C00A36FF5 /* Build configuration list for PBXProject "RTChess" */;
			compatibilityVersion = "Xcode 14.0";
			developmentRegion = en;
			hasScannedForEncodings = 0;
			knownRegions = (
				en,
				Base,
			);
			mainGroup = 0486FB972BD8847C00A36FF5;
			productRefGroup = 0486FBA12BD8847C00A36FF5 /* Products */;
			projectDirPath = "";
			projectRoot = "";
			targets = (
				0486FB9F2BD8847C00A36FF5 /* RTChess */,
			);
		};
/* End PBXProject section */

/* Begin PBXResourcesBuildPhase section */
		0486FB9E2BD8847C00A36FF5 /* Resources */ = {
			isa = PBXResourcesBuildPhase;
			buildActionMask = 2147483647;
			files = (
				0486FBAD2BD8847D00A36FF5 /* Preview Assets.xcassets in Resources */,
				0486FBAA2BD8847D00A36FF5 /* Assets.xcassets in Resources */,
				0486FBBA2BE97AFB00A36FF5 /* Requirements.txt in Resources */,
			);
			runOnlyForDeploymentPostprocessing = 0;
		};
/* End PBXResourcesBuildPhase section */

/* Begin PBXSourcesBuildPhase section */
		0486FB9C2BD8847C00A36FF5 /* Sources */ = {
			isa = PBXSourcesBuildPhase;
			buildActionMask = 2147483647;
			files = (
				6267D0772BE9D3ED00F120FC /* Move.swift in Sources */,
				6282F7032BF18149005A6530 /* GameData.swift in Sources */,
				0486FBB82BE02BAB00A36FF5 /* SettingsView.swift in Sources */,
				6230C41C2BD893CB005509BD /* Team.swift in Sources */,
				0486FBA62BD8847C00A36FF5 /* GameView.swift in Sources */,
				0481DC3B2BF2D14F007D2160 /* OneDeviceView.swift in Sources */,
				0486FBB42BE008A000A36FF5 /* HomeView.swift in Sources */,
				6226CC9D2BD890010090EB21 /* Rook.swift in Sources */,
				6226CC9B2BD88FE80090EB21 /* Pawn.swift in Sources */,
				6226CCA12BD8900B0090EB21 /* Queen.swift in Sources */,
				0486FBB62BE02B9300A36FF5 /* HostJoinView.swift in Sources */,
				6226CCA32BD8900F0090EB21 /* King.swift in Sources */,
				0486FBA42BD8847C00A36FF5 /* RTChessApp.swift in Sources */,
				6267D0752BE3274F00F120FC /* Vector.swift in Sources */,
				6226CCA52BD890290090EB21 /* Game.swift in Sources */,
				6226CC9F2BD890060090EB21 /* Bishop.swift in Sources */,
				042430FD2BF41DB20086BD70 /* UserData.swift in Sources */,
				6282F6C52BEDB05D005A6530 /* Build.swift in Sources */,
				6226CC972BD88DCD0090EB21 /* Board.swift in Sources */,
				6226CC952BD88D6E0090EB21 /* Piece.swift in Sources */,
				6226CC992BD88FDF0090EB21 /* Knight.swift in Sources */,
				6282F7012BF1811D005A6530 /* WebSocketUtility.swift in Sources */,
			);
			runOnlyForDeploymentPostprocessing = 0;
		};
/* End PBXSourcesBuildPhase section */

/* Begin XCBuildConfiguration section */
		0486FBAE2BD8847D00A36FF5 /* Debug */ = {
			isa = XCBuildConfiguration;
			buildSettings = {
				ALWAYS_SEARCH_USER_PATHS = NO;
				ASSETCATALOG_COMPILER_GENERATE_SWIFT_ASSET_SYMBOL_EXTENSIONS = YES;
				CLANG_ANALYZER_NONNULL = YES;
				CLANG_ANALYZER_NUMBER_OBJECT_CONVERSION = YES_AGGRESSIVE;
				CLANG_CXX_LANGUAGE_STANDARD = "gnu++20";
				CLANG_ENABLE_MODULES = YES;
				CLANG_ENABLE_OBJC_ARC = YES;
				CLANG_ENABLE_OBJC_WEAK = YES;
				CLANG_WARN_BLOCK_CAPTURE_AUTORELEASING = YES;
				CLANG_WARN_BOOL_CONVERSION = YES;
				CLANG_WARN_COMMA = YES;
				CLANG_WARN_CONSTANT_CONVERSION = YES;
				CLANG_WARN_DEPRECATED_OBJC_IMPLEMENTATIONS = YES;
				CLANG_WARN_DIRECT_OBJC_ISA_USAGE = YES_ERROR;
				CLANG_WARN_DOCUMENTATION_COMMENTS = YES;
				CLANG_WARN_EMPTY_BODY = YES;
				CLANG_WARN_ENUM_CONVERSION = YES;
				CLANG_WARN_INFINITE_RECURSION = YES;
				CLANG_WARN_INT_CONVERSION = YES;
				CLANG_WARN_NON_LITERAL_NULL_CONVERSION = YES;
				CLANG_WARN_OBJC_IMPLICIT_RETAIN_SELF = YES;
				CLANG_WARN_OBJC_LITERAL_CONVERSION = YES;
				CLANG_WARN_OBJC_ROOT_CLASS = YES_ERROR;
				CLANG_WARN_QUOTED_INCLUDE_IN_FRAMEWORK_HEADER = YES;
				CLANG_WARN_RANGE_LOOP_ANALYSIS = YES;
				CLANG_WARN_STRICT_PROTOTYPES = YES;
				CLANG_WARN_SUSPICIOUS_MOVE = YES;
				CLANG_WARN_UNGUARDED_AVAILABILITY = YES_AGGRESSIVE;
				CLANG_WARN_UNREACHABLE_CODE = YES;
				CLANG_WARN__DUPLICATE_METHOD_MATCH = YES;
				COPY_PHASE_STRIP = NO;
				DEBUG_INFORMATION_FORMAT = dwarf;
				ENABLE_STRICT_OBJC_MSGSEND = YES;
				ENABLE_TESTABILITY = YES;
				ENABLE_USER_SCRIPT_SANDBOXING = YES;
				GCC_C_LANGUAGE_STANDARD = gnu17;
				GCC_DYNAMIC_NO_PIC = NO;
				GCC_NO_COMMON_BLOCKS = YES;
				GCC_OPTIMIZATION_LEVEL = 0;
				GCC_PREPROCESSOR_DEFINITIONS = (
					"DEBUG=1",
					"$(inherited)",
				);
				GCC_WARN_64_TO_32_BIT_CONVERSION = YES;
				GCC_WARN_ABOUT_RETURN_TYPE = YES_ERROR;
				GCC_WARN_UNDECLARED_SELECTOR = YES;
				GCC_WARN_UNINITIALIZED_AUTOS = YES_AGGRESSIVE;
				GCC_WARN_UNUSED_FUNCTION = YES;
				GCC_WARN_UNUSED_VARIABLE = YES;
				IPHONEOS_DEPLOYMENT_TARGET = 17.4;
				LOCALIZATION_PREFERS_STRING_CATALOGS = YES;
				MTL_ENABLE_DEBUG_INFO = INCLUDE_SOURCE;
				MTL_FAST_MATH = YES;
				ONLY_ACTIVE_ARCH = YES;
				SDKROOT = iphoneos;
				SWIFT_ACTIVE_COMPILATION_CONDITIONS = "DEBUG $(inherited)";
				SWIFT_OPTIMIZATION_LEVEL = "-Onone";
			};
			name = Debug;
		};
		0486FBAF2BD8847D00A36FF5 /* Release */ = {
			isa = XCBuildConfiguration;
			buildSettings = {
				ALWAYS_SEARCH_USER_PATHS = NO;
				ASSETCATALOG_COMPILER_GENERATE_SWIFT_ASSET_SYMBOL_EXTENSIONS = YES;
				CLANG_ANALYZER_NONNULL = YES;
				CLANG_ANALYZER_NUMBER_OBJECT_CONVERSION = YES_AGGRESSIVE;
				CLANG_CXX_LANGUAGE_STANDARD = "gnu++20";
				CLANG_ENABLE_MODULES = YES;
				CLANG_ENABLE_OBJC_ARC = YES;
				CLANG_ENABLE_OBJC_WEAK = YES;
				CLANG_WARN_BLOCK_CAPTURE_AUTORELEASING = YES;
				CLANG_WARN_BOOL_CONVERSION = YES;
				CLANG_WARN_COMMA = YES;
				CLANG_WARN_CONSTANT_CONVERSION = YES;
				CLANG_WARN_DEPRECATED_OBJC_IMPLEMENTATIONS = YES;
				CLANG_WARN_DIRECT_OBJC_ISA_USAGE = YES_ERROR;
				CLANG_WARN_DOCUMENTATION_COMMENTS = YES;
				CLANG_WARN_EMPTY_BODY = YES;
				CLANG_WARN_ENUM_CONVERSION = YES;
				CLANG_WARN_INFINITE_RECURSION = YES;
				CLANG_WARN_INT_CONVERSION = YES;
				CLANG_WARN_NON_LITERAL_NULL_CONVERSION = YES;
				CLANG_WARN_OBJC_IMPLICIT_RETAIN_SELF = YES;
				CLANG_WARN_OBJC_LITERAL_CONVERSION = YES;
				CLANG_WARN_OBJC_ROOT_CLASS = YES_ERROR;
				CLANG_WARN_QUOTED_INCLUDE_IN_FRAMEWORK_HEADER = YES;
				CLANG_WARN_RANGE_LOOP_ANALYSIS = YES;
				CLANG_WARN_STRICT_PROTOTYPES = YES;
				CLANG_WARN_SUSPICIOUS_MOVE = YES;
				CLANG_WARN_UNGUARDED_AVAILABILITY = YES_AGGRESSIVE;
				CLANG_WARN_UNREACHABLE_CODE = YES;
				CLANG_WARN__DUPLICATE_METHOD_MATCH = YES;
				COPY_PHASE_STRIP = NO;
				DEBUG_INFORMATION_FORMAT = "dwarf-with-dsym";
				ENABLE_NS_ASSERTIONS = NO;
				ENABLE_STRICT_OBJC_MSGSEND = YES;
				ENABLE_USER_SCRIPT_SANDBOXING = YES;
				GCC_C_LANGUAGE_STANDARD = gnu17;
				GCC_NO_COMMON_BLOCKS = YES;
				GCC_WARN_64_TO_32_BIT_CONVERSION = YES;
				GCC_WARN_ABOUT_RETURN_TYPE = YES_ERROR;
				GCC_WARN_UNDECLARED_SELECTOR = YES;
				GCC_WARN_UNINITIALIZED_AUTOS = YES_AGGRESSIVE;
				GCC_WARN_UNUSED_FUNCTION = YES;
				GCC_WARN_UNUSED_VARIABLE = YES;
				IPHONEOS_DEPLOYMENT_TARGET = 17.4;
				LOCALIZATION_PREFERS_STRING_CATALOGS = YES;
				MTL_ENABLE_DEBUG_INFO = NO;
				MTL_FAST_MATH = YES;
				SDKROOT = iphoneos;
				SWIFT_COMPILATION_MODE = wholemodule;
				VALIDATE_PRODUCT = YES;
			};
			name = Release;
		};
		0486FBB12BD8847D00A36FF5 /* Debug */ = {
			isa = XCBuildConfiguration;
			buildSettings = {
				ASSETCATALOG_COMPILER_APPICON_NAME = AppIcon;
				ASSETCATALOG_COMPILER_GLOBAL_ACCENT_COLOR_NAME = AccentColor;
				CODE_SIGN_STYLE = Automatic;
				CURRENT_PROJECT_VERSION = 1;
				DEVELOPMENT_ASSET_PATHS = "\"RTChess/Preview Content\"";
				DEVELOPMENT_TEAM = 78CBY8U92Y;
				ENABLE_PREVIEWS = YES;
				GENERATE_INFOPLIST_FILE = YES;
				INFOPLIST_KEY_UIApplicationSceneManifest_Generation = YES;
				INFOPLIST_KEY_UIApplicationSupportsIndirectInputEvents = YES;
				INFOPLIST_KEY_UILaunchScreen_Generation = YES;
				INFOPLIST_KEY_UISupportedInterfaceOrientations_iPad = "UIInterfaceOrientationPortrait UIInterfaceOrientationPortraitUpsideDown UIInterfaceOrientationLandscapeLeft UIInterfaceOrientationLandscapeRight";
				INFOPLIST_KEY_UISupportedInterfaceOrientations_iPhone = "UIInterfaceOrientationPortrait UIInterfaceOrientationLandscapeLeft UIInterfaceOrientationLandscapeRight";
				IPHONEOS_DEPLOYMENT_TARGET = 16.0;
				LD_RUNPATH_SEARCH_PATHS = (
					"$(inherited)",
					"@executable_path/Frameworks",
				);
				MARKETING_VERSION = 1.0;
				PRODUCT_BUNDLE_IDENTIFIER = com.Camden.RTChess;
				PRODUCT_NAME = "$(TARGET_NAME)";
				SUPPORTED_PLATFORMS = "iphoneos iphonesimulator";
				SUPPORTS_MACCATALYST = NO;
				SUPPORTS_MAC_DESIGNED_FOR_IPHONE_IPAD = NO;
				SUPPORTS_XR_DESIGNED_FOR_IPHONE_IPAD = NO;
				SWIFT_EMIT_LOC_STRINGS = YES;
				SWIFT_VERSION = 5.0;
				TARGETED_DEVICE_FAMILY = "1,2";
			};
			name = Debug;
		};
		0486FBB22BD8847D00A36FF5 /* Release */ = {
			isa = XCBuildConfiguration;
			buildSettings = {
				ASSETCATALOG_COMPILER_APPICON_NAME = AppIcon;
				ASSETCATALOG_COMPILER_GLOBAL_ACCENT_COLOR_NAME = AccentColor;
				CODE_SIGN_STYLE = Automatic;
				CURRENT_PROJECT_VERSION = 1;
				DEVELOPMENT_ASSET_PATHS = "\"RTChess/Preview Content\"";
				DEVELOPMENT_TEAM = 78CBY8U92Y;
				ENABLE_PREVIEWS = YES;
				GENERATE_INFOPLIST_FILE = YES;
				INFOPLIST_KEY_UIApplicationSceneManifest_Generation = YES;
				INFOPLIST_KEY_UIApplicationSupportsIndirectInputEvents = YES;
				INFOPLIST_KEY_UILaunchScreen_Generation = YES;
				INFOPLIST_KEY_UISupportedInterfaceOrientations_iPad = "UIInterfaceOrientationPortrait UIInterfaceOrientationPortraitUpsideDown UIInterfaceOrientationLandscapeLeft UIInterfaceOrientationLandscapeRight";
				INFOPLIST_KEY_UISupportedInterfaceOrientations_iPhone = "UIInterfaceOrientationPortrait UIInterfaceOrientationLandscapeLeft UIInterfaceOrientationLandscapeRight";
				IPHONEOS_DEPLOYMENT_TARGET = 16.0;
				LD_RUNPATH_SEARCH_PATHS = (
					"$(inherited)",
					"@executable_path/Frameworks",
				);
				MARKETING_VERSION = 1.0;
				PRODUCT_BUNDLE_IDENTIFIER = com.Camden.RTChess;
				PRODUCT_NAME = "$(TARGET_NAME)";
				SUPPORTED_PLATFORMS = "iphoneos iphonesimulator";
				SUPPORTS_MACCATALYST = NO;
				SUPPORTS_MAC_DESIGNED_FOR_IPHONE_IPAD = NO;
				SUPPORTS_XR_DESIGNED_FOR_IPHONE_IPAD = NO;
				SWIFT_EMIT_LOC_STRINGS = YES;
				SWIFT_VERSION = 5.0;
				TARGETED_DEVICE_FAMILY = "1,2";
			};
			name = Release;
		};
/* End XCBuildConfiguration section */

/* Begin XCConfigurationList section */
		0486FB9B2BD8847C00A36FF5 /* Build configuration list for PBXProject "RTChess" */ = {
			isa = XCConfigurationList;
			buildConfigurations = (
				0486FBAE2BD8847D00A36FF5 /* Debug */,
				0486FBAF2BD8847D00A36FF5 /* Release */,
			);
			defaultConfigurationIsVisible = 0;
			defaultConfigurationName = Release;
		};
		0486FBB02BD8847D00A36FF5 /* Build configuration list for PBXNativeTarget "RTChess" */ = {
			isa = XCConfigurationList;
			buildConfigurations = (
				0486FBB12BD8847D00A36FF5 /* Debug */,
				0486FBB22BD8847D00A36FF5 /* Release */,
			);
			defaultConfigurationIsVisible = 0;
			defaultConfigurationName = Release;
		};
/* End XCConfigurationList section */
	};
	rootObject = 0486FB982BD8847C00A36FF5 /* Project object */;
}
